// !$*UTF8*$!
{
	archiveVersion = 1;
	classes = {
	};
	objectVersion = 50;
	objects = {

/* Begin PBXBuildFile section */
		4733CFA92510FD7800F91EB0 /* todo.json in Resources */ = {isa = PBXBuildFile; fileRef = 4733CFA82510FD7800F91EB0 /* todo.json */; };
		4733CFAC2511015300F91EB0 /* Todo.swift in Sources */ = {isa = PBXBuildFile; fileRef = 4733CFAB2511015300F91EB0 /* Todo.swift */; };
		47580EE8250FC2F800F0B733 /* AppDelegate.swift in Sources */ = {isa = PBXBuildFile; fileRef = 47580EE7250FC2F800F0B733 /* AppDelegate.swift */; };
		47580EEA250FC2F800F0B733 /* SceneDelegate.swift in Sources */ = {isa = PBXBuildFile; fileRef = 47580EE9250FC2F800F0B733 /* SceneDelegate.swift */; };
		47580EEF250FC2F800F0B733 /* Main.storyboard in Resources */ = {isa = PBXBuildFile; fileRef = 47580EED250FC2F800F0B733 /* Main.storyboard */; };
		47580EF1250FC2FD00F0B733 /* Assets.xcassets in Resources */ = {isa = PBXBuildFile; fileRef = 47580EF0250FC2FD00F0B733 /* Assets.xcassets */; };
		47580EF4250FC2FD00F0B733 /* LaunchScreen.storyboard in Resources */ = {isa = PBXBuildFile; fileRef = 47580EF2250FC2FD00F0B733 /* LaunchScreen.storyboard */; };
		47580F01250FD23800F0B733 /* MainViewController.swift in Sources */ = {isa = PBXBuildFile; fileRef = 47580F00250FD23800F0B733 /* MainViewController.swift */; };
		47580F03250FD26A00F0B733 /* MainInteractor.swift in Sources */ = {isa = PBXBuildFile; fileRef = 47580F02250FD26A00F0B733 /* MainInteractor.swift */; };
		47580F05250FD28000F0B733 /* MainPresenter.swift in Sources */ = {isa = PBXBuildFile; fileRef = 47580F04250FD28000F0B733 /* MainPresenter.swift */; };
		47580F07250FD28F00F0B733 /* MainWorker.swift in Sources */ = {isa = PBXBuildFile; fileRef = 47580F06250FD28F00F0B733 /* MainWorker.swift */; };
		47580F09250FD2A300F0B733 /* MainModels.swift in Sources */ = {isa = PBXBuildFile; fileRef = 47580F08250FD2A300F0B733 /* MainModels.swift */; };
/* End PBXBuildFile section */

/* Begin PBXFileReference section */
		4733CFA82510FD7800F91EB0 /* todo.json */ = {isa = PBXFileReference; lastKnownFileType = text.json; path = todo.json; sourceTree = "<group>"; };
		4733CFAB2511015300F91EB0 /* Todo.swift */ = {isa = PBXFileReference; lastKnownFileType = sourcecode.swift; path = Todo.swift; sourceTree = "<group>"; };
		47580EE4250FC2F800F0B733 /* Drop.app */ = {isa = PBXFileReference; explicitFileType = wrapper.application; includeInIndex = 0; path = Drop.app; sourceTree = BUILT_PRODUCTS_DIR; };
		47580EE7250FC2F800F0B733 /* AppDelegate.swift */ = {isa = PBXFileReference; lastKnownFileType = sourcecode.swift; path = AppDelegate.swift; sourceTree = "<group>"; };
		47580EE9250FC2F800F0B733 /* SceneDelegate.swift */ = {isa = PBXFileReference; lastKnownFileType = sourcecode.swift; path = SceneDelegate.swift; sourceTree = "<group>"; };
		47580EEE250FC2F800F0B733 /* Base */ = {isa = PBXFileReference; lastKnownFileType = file.storyboard; name = Base; path = Base.lproj/Main.storyboard; sourceTree = "<group>"; };
		47580EF0250FC2FD00F0B733 /* Assets.xcassets */ = {isa = PBXFileReference; lastKnownFileType = folder.assetcatalog; path = Assets.xcassets; sourceTree = "<group>"; };
		47580EF3250FC2FD00F0B733 /* Base */ = {isa = PBXFileReference; lastKnownFileType = file.storyboard; name = Base; path = Base.lproj/LaunchScreen.storyboard; sourceTree = "<group>"; };
		47580EF5250FC2FD00F0B733 /* Info.plist */ = {isa = PBXFileReference; lastKnownFileType = text.plist.xml; path = Info.plist; sourceTree = "<group>"; };
		47580F00250FD23800F0B733 /* MainViewController.swift */ = {isa = PBXFileReference; lastKnownFileType = sourcecode.swift; path = MainViewController.swift; sourceTree = "<group>"; };
		47580F02250FD26A00F0B733 /* MainInteractor.swift */ = {isa = PBXFileReference; lastKnownFileType = sourcecode.swift; path = MainInteractor.swift; sourceTree = "<group>"; };
		47580F04250FD28000F0B733 /* MainPresenter.swift */ = {isa = PBXFileReference; lastKnownFileType = sourcecode.swift; path = MainPresenter.swift; sourceTree = "<group>"; };
		47580F06250FD28F00F0B733 /* MainWorker.swift */ = {isa = PBXFileReference; lastKnownFileType = sourcecode.swift; path = MainWorker.swift; sourceTree = "<group>"; };
		47580F08250FD2A300F0B733 /* MainModels.swift */ = {isa = PBXFileReference; lastKnownFileType = sourcecode.swift; path = MainModels.swift; sourceTree = "<group>"; };
/* End PBXFileReference section */

/* Begin PBXFrameworksBuildPhase section */
		47580EE1250FC2F800F0B733 /* Frameworks */ = {
			isa = PBXFrameworksBuildPhase;
			buildActionMask = 2147483647;
			files = (
			);
			runOnlyForDeploymentPostprocessing = 0;
		};
/* End PBXFrameworksBuildPhase section */

/* Begin PBXGroup section */
		4733CFAA2511014600F91EB0 /* Models */ = {
			isa = PBXGroup;
			children = (
				4733CFAB2511015300F91EB0 /* Todo.swift */,
			);
			path = Models;
			sourceTree = "<group>";
		};
		47580EDB250FC2F700F0B733 = {
			isa = PBXGroup;
			children = (
				47580EE6250FC2F800F0B733 /* Drop */,
				47580EE5250FC2F800F0B733 /* Products */,
			);
			sourceTree = "<group>";
		};
		47580EE5250FC2F800F0B733 /* Products */ = {
			isa = PBXGroup;
			children = (
				47580EE4250FC2F800F0B733 /* Drop.app */,
			);
			name = Products;
			sourceTree = "<group>";
		};
		47580EE6250FC2F800F0B733 /* Drop */ = {
			isa = PBXGroup;
			children = (
				4733CFAA2511014600F91EB0 /* Models */,
				47580EFB250FC30C00F0B733 /* App */,
				47580EFE250FC33600F0B733 /* Resources */,
				47580EFC250FC31D00F0B733 /* Scenes */,
				47580EFF250FC34000F0B733 /* Supporting Files */,
			);
			path = Drop;
			sourceTree = "<group>";
		};
		47580EFB250FC30C00F0B733 /* App */ = {
			isa = PBXGroup;
			children = (
				47580EE7250FC2F800F0B733 /* AppDelegate.swift */,
				47580EE9250FC2F800F0B733 /* SceneDelegate.swift */,
			);
			path = App;
			sourceTree = "<group>";
		};
		47580EFC250FC31D00F0B733 /* Scenes */ = {
			isa = PBXGroup;
			children = (
				47580EFD250FC32600F0B733 /* Main */,
			);
			path = Scenes;
			sourceTree = "<group>";
		};
		47580EFD250FC32600F0B733 /* Main */ = {
			isa = PBXGroup;
			children = (
				47580EED250FC2F800F0B733 /* Main.storyboard */,
				47580F02250FD26A00F0B733 /* MainInteractor.swift */,
				47580F08250FD2A300F0B733 /* MainModels.swift */,
				47580F04250FD28000F0B733 /* MainPresenter.swift */,
				47580F00250FD23800F0B733 /* MainViewController.swift */,
				47580F06250FD28F00F0B733 /* MainWorker.swift */,
			);
			path = Main;
			sourceTree = "<group>";
		};
		47580EFE250FC33600F0B733 /* Resources */ = {
			isa = PBXGroup;
			children = (
				47580EF0250FC2FD00F0B733 /* Assets.xcassets */,
				4733CFA82510FD7800F91EB0 /* todo.json */,
			);
			path = Resources;
			sourceTree = "<group>";
		};
		47580EFF250FC34000F0B733 /* Supporting Files */ = {
			isa = PBXGroup;
			children = (
				47580EF2250FC2FD00F0B733 /* LaunchScreen.storyboard */,
				47580EF5250FC2FD00F0B733 /* Info.plist */,
			);
			path = "Supporting Files";
			sourceTree = "<group>";
		};
/* End PBXGroup section */

/* Begin PBXNativeTarget section */
		47580EE3250FC2F800F0B733 /* Drop */ = {
			isa = PBXNativeTarget;
			buildConfigurationList = 47580EF8250FC2FD00F0B733 /* Build configuration list for PBXNativeTarget "Drop" */;
			buildPhases = (
				47580EE0250FC2F800F0B733 /* Sources */,
				47580EE1250FC2F800F0B733 /* Frameworks */,
				47580EE2250FC2F800F0B733 /* Resources */,
			);
			buildRules = (
			);
			dependencies = (
			);
			name = Drop;
			productName = Drop;
			productReference = 47580EE4250FC2F800F0B733 /* Drop.app */;
			productType = "com.apple.product-type.application";
		};
/* End PBXNativeTarget section */

/* Begin PBXProject section */
		47580EDC250FC2F800F0B733 /* Project object */ = {
			isa = PBXProject;
			attributes = {
				LastSwiftUpdateCheck = 1170;
				LastUpgradeCheck = 1170;
				ORGANIZATIONNAME = "Ali Emre Degirmenci";
				TargetAttributes = {
					47580EE3250FC2F800F0B733 = {
						CreatedOnToolsVersion = 11.7;
					};
				};
			};
			buildConfigurationList = 47580EDF250FC2F800F0B733 /* Build configuration list for PBXProject "Drop" */;
			compatibilityVersion = "Xcode 9.3";
			developmentRegion = en;
			hasScannedForEncodings = 0;
			knownRegions = (
				en,
				Base,
			);
			mainGroup = 47580EDB250FC2F700F0B733;
			productRefGroup = 47580EE5250FC2F800F0B733 /* Products */;
			projectDirPath = "";
			projectRoot = "";
			targets = (
				47580EE3250FC2F800F0B733 /* Drop */,
			);
		};
/* End PBXProject section */

/* Begin PBXResourcesBuildPhase section */
		47580EE2250FC2F800F0B733 /* Resources */ = {
			isa = PBXResourcesBuildPhase;
			buildActionMask = 2147483647;
			files = (
				47580EF4250FC2FD00F0B733 /* LaunchScreen.storyboard in Resources */,
				47580EF1250FC2FD00F0B733 /* Assets.xcassets in Resources */,
				47580EEF250FC2F800F0B733 /* Main.storyboard in Resources */,
				4733CFA92510FD7800F91EB0 /* todo.json in Resources */,
			);
			runOnlyForDeploymentPostprocessing = 0;
		};
/* End PBXResourcesBuildPhase section */

/* Begin PBXSourcesBuildPhase section */
		47580EE0250FC2F800F0B733 /* Sources */ = {
			isa = PBXSourcesBuildPhase;
			buildActionMask = 2147483647;
			files = (
				47580F05250FD28000F0B733 /* MainPresenter.swift in Sources */,
				47580F01250FD23800F0B733 /* MainViewController.swift in Sources */,
				47580EE8250FC2F800F0B733 /* AppDelegate.swift in Sources */,
				4733CFAC2511015300F91EB0 /* Todo.swift in Sources */,
				47580EEA250FC2F800F0B733 /* SceneDelegate.swift in Sources */,
				47580F07250FD28F00F0B733 /* MainWorker.swift in Sources */,
				47580F09250FD2A300F0B733 /* MainModels.swift in Sources */,
				47580F03250FD26A00F0B733 /* MainInteractor.swift in Sources */,
			);
			runOnlyForDeploymentPostprocessing = 0;
		};
/* End PBXSourcesBuildPhase section */

/* Begin PBXVariantGroup section */
		47580EED250FC2F800F0B733 /* Main.storyboard */ = {
			isa = PBXVariantGroup;
			children = (
				47580EEE250FC2F800F0B733 /* Base */,
			);
			name = Main.storyboard;
			sourceTree = "<group>";
		};
		47580EF2250FC2FD00F0B733 /* LaunchScreen.storyboard */ = {
			isa = PBXVariantGroup;
			children = (
				47580EF3250FC2FD00F0B733 /* Base */,
			);
			name = LaunchScreen.storyboard;
			sourceTree = "<group>";
		};
/* End PBXVariantGroup section */

/* Begin XCBuildConfiguration section */
		47580EF6250FC2FD00F0B733 /* Debug */ = {
			isa = XCBuildConfiguration;
			buildSettings = {
				ALWAYS_SEARCH_USER_PATHS = NO;
				CLANG_ANALYZER_NONNULL = YES;
				CLANG_ANALYZER_NUMBER_OBJECT_CONVERSION = YES_AGGRESSIVE;
				CLANG_CXX_LANGUAGE_STANDARD = "gnu++14";
				CLANG_CXX_LIBRARY = "libc++";
				CLANG_ENABLE_MODULES = YES;
				CLANG_ENABLE_OBJC_ARC = YES;
				CLANG_ENABLE_OBJC_WEAK = YES;
				CLANG_WARN_BLOCK_CAPTURE_AUTORELEASING = YES;
				CLANG_WARN_BOOL_CONVERSION = YES;
				CLANG_WARN_COMMA = YES;
				CLANG_WARN_CONSTANT_CONVERSION = YES;
				CLANG_WARN_DEPRECATED_OBJC_IMPLEMENTATIONS = YES;
				CLANG_WARN_DIRECT_OBJC_ISA_USAGE = YES_ERROR;
				CLANG_WARN_DOCUMENTATION_COMMENTS = YES;
				CLANG_WARN_EMPTY_BODY = YES;
				CLANG_WARN_ENUM_CONVERSION = YES;
				CLANG_WARN_INFINITE_RECURSION = YES;
				CLANG_WARN_INT_CONVERSION = YES;
				CLANG_WARN_NON_LITERAL_NULL_CONVERSION = YES;
				CLANG_WARN_OBJC_IMPLICIT_RETAIN_SELF = YES;
				CLANG_WARN_OBJC_LITERAL_CONVERSION = YES;
				CLANG_WARN_OBJC_ROOT_CLASS = YES_ERROR;
				CLANG_WARN_RANGE_LOOP_ANALYSIS = YES;
				CLANG_WARN_STRICT_PROTOTYPES = YES;
				CLANG_WARN_SUSPICIOUS_MOVE = YES;
				CLANG_WARN_UNGUARDED_AVAILABILITY = YES_AGGRESSIVE;
				CLANG_WARN_UNREACHABLE_CODE = YES;
				CLANG_WARN__DUPLICATE_METHOD_MATCH = YES;
				COPY_PHASE_STRIP = NO;
				DEBUG_INFORMATION_FORMAT = dwarf;
				ENABLE_STRICT_OBJC_MSGSEND = YES;
				ENABLE_TESTABILITY = YES;
				GCC_C_LANGUAGE_STANDARD = gnu11;
				GCC_DYNAMIC_NO_PIC = NO;
				GCC_NO_COMMON_BLOCKS = YES;
				GCC_OPTIMIZATION_LEVEL = 0;
				GCC_PREPROCESSOR_DEFINITIONS = (
					"DEBUG=1",
					"$(inherited)",
				);
				GCC_WARN_64_TO_32_BIT_CONVERSION = YES;
				GCC_WARN_ABOUT_RETURN_TYPE = YES_ERROR;
				GCC_WARN_UNDECLARED_SELECTOR = YES;
				GCC_WARN_UNINITIALIZED_AUTOS = YES_AGGRESSIVE;
				GCC_WARN_UNUSED_FUNCTION = YES;
				GCC_WARN_UNUSED_VARIABLE = YES;
				IPHONEOS_DEPLOYMENT_TARGET = 13.7;
				MTL_ENABLE_DEBUG_INFO = INCLUDE_SOURCE;
				MTL_FAST_MATH = YES;
				ONLY_ACTIVE_ARCH = YES;
				SDKROOT = iphoneos;
				SWIFT_ACTIVE_COMPILATION_CONDITIONS = DEBUG;
				SWIFT_OPTIMIZATION_LEVEL = "-Onone";
			};
			name = Debug;
		};
		47580EF7250FC2FD00F0B733 /* Release */ = {
			isa = XCBuildConfiguration;
			buildSettings = {
				ALWAYS_SEARCH_USER_PATHS = NO;
				CLANG_ANALYZER_NONNULL = YES;
				CLANG_ANALYZER_NUMBER_OBJECT_CONVERSION = YES_AGGRESSIVE;
				CLANG_CXX_LANGUAGE_STANDARD = "gnu++14";
				CLANG_CXX_LIBRARY = "libc++";
				CLANG_ENABLE_MODULES = YES;
				CLANG_ENABLE_OBJC_ARC = YES;
				CLANG_ENABLE_OBJC_WEAK = YES;
				CLANG_WARN_BLOCK_CAPTURE_AUTORELEASING = YES;
				CLANG_WARN_BOOL_CONVERSION = YES;
				CLANG_WARN_COMMA = YES;
				CLANG_WARN_CONSTANT_CONVERSION = YES;
				CLANG_WARN_DEPRECATED_OBJC_IMPLEMENTATIONS = YES;
				CLANG_WARN_DIRECT_OBJC_ISA_USAGE = YES_ERROR;
				CLANG_WARN_DOCUMENTATION_COMMENTS = YES;
				CLANG_WARN_EMPTY_BODY = YES;
				CLANG_WARN_ENUM_CONVERSION = YES;
				CLANG_WARN_INFINITE_RECURSION = YES;
				CLANG_WARN_INT_CONVERSION = YES;
				CLANG_WARN_NON_LITERAL_NULL_CONVERSION = YES;
				CLANG_WARN_OBJC_IMPLICIT_RETAIN_SELF = YES;
				CLANG_WARN_OBJC_LITERAL_CONVERSION = YES;
				CLANG_WARN_OBJC_ROOT_CLASS = YES_ERROR;
				CLANG_WARN_RANGE_LOOP_ANALYSIS = YES;
				CLANG_WARN_STRICT_PROTOTYPES = YES;
				CLANG_WARN_SUSPICIOUS_MOVE = YES;
				CLANG_WARN_UNGUARDED_AVAILABILITY = YES_AGGRESSIVE;
				CLANG_WARN_UNREACHABLE_CODE = YES;
				CLANG_WARN__DUPLICATE_METHOD_MATCH = YES;
				COPY_PHASE_STRIP = NO;
				DEBUG_INFORMATION_FORMAT = "dwarf-with-dsym";
				ENABLE_NS_ASSERTIONS = NO;
				ENABLE_STRICT_OBJC_MSGSEND = YES;
				GCC_C_LANGUAGE_STANDARD = gnu11;
				GCC_NO_COMMON_BLOCKS = YES;
				GCC_WARN_64_TO_32_BIT_CONVERSION = YES;
				GCC_WARN_ABOUT_RETURN_TYPE = YES_ERROR;
				GCC_WARN_UNDECLARED_SELECTOR = YES;
				GCC_WARN_UNINITIALIZED_AUTOS = YES_AGGRESSIVE;
				GCC_WARN_UNUSED_FUNCTION = YES;
				GCC_WARN_UNUSED_VARIABLE = YES;
				IPHONEOS_DEPLOYMENT_TARGET = 13.7;
				MTL_ENABLE_DEBUG_INFO = NO;
				MTL_FAST_MATH = YES;
				SDKROOT = iphoneos;
				SWIFT_COMPILATION_MODE = wholemodule;
				SWIFT_OPTIMIZATION_LEVEL = "-O";
				VALIDATE_PRODUCT = YES;
			};
			name = Release;
		};
		47580EF9250FC2FD00F0B733 /* Debug */ = {
			isa = XCBuildConfiguration;
			buildSettings = {
				ASSETCATALOG_COMPILER_APPICON_NAME = AppIcon;
				CODE_SIGN_STYLE = Automatic;
				DEVELOPMENT_TEAM = 554X8TL4T7;
				INFOPLIST_FILE = "Drop/Supporting Files/Info.plist";
				LD_RUNPATH_SEARCH_PATHS = (
					"$(inherited)",
					"@executable_path/Frameworks",
				);
				PRODUCT_BUNDLE_IDENTIFIER = com.pairs.Drop;
				PRODUCT_NAME = "$(TARGET_NAME)";
				SWIFT_VERSION = 5.0;
				TARGETED_DEVICE_FAMILY = "1,2";
			};
			name = Debug;
		};
		47580EFA250FC2FD00F0B733 /* Release */ = {
			isa = XCBuildConfiguration;
			buildSettings = {
				ASSETCATALOG_COMPILER_APPICON_NAME = AppIcon;
				CODE_SIGN_STYLE = Automatic;
				DEVELOPMENT_TEAM = 554X8TL4T7;
				INFOPLIST_FILE = "Drop/Supporting Files/Info.plist";
				LD_RUNPATH_SEARCH_PATHS = (
					"$(inherited)",
					"@executable_path/Frameworks",
				);
				PRODUCT_BUNDLE_IDENTIFIER = com.pairs.Drop;
				PRODUCT_NAME = "$(TARGET_NAME)";
				SWIFT_VERSION = 5.0;
				TARGETED_DEVICE_FAMILY = "1,2";
			};
			name = Release;
		};
/* End XCBuildConfiguration section */

/* Begin XCConfigurationList section */
		47580EDF250FC2F800F0B733 /* Build configuration list for PBXProject "Drop" */ = {
			isa = XCConfigurationList;
			buildConfigurations = (
				47580EF6250FC2FD00F0B733 /* Debug */,
				47580EF7250FC2FD00F0B733 /* Release */,
			);
			defaultConfigurationIsVisible = 0;
			defaultConfigurationName = Release;
		};
		47580EF8250FC2FD00F0B733 /* Build configuration list for PBXNativeTarget "Drop" */ = {
			isa = XCConfigurationList;
			buildConfigurations = (
				47580EF9250FC2FD00F0B733 /* Debug */,
				47580EFA250FC2FD00F0B733 /* Release */,
			);
			defaultConfigurationIsVisible = 0;
			defaultConfigurationName = Release;
		};
/* End XCConfigurationList section */
	};
	rootObject = 47580EDC250FC2F800F0B733 /* Project object */;
}
